// !$*UTF8*$!
{
	archiveVersion = 1;
	classes = {
	};
	objectVersion = 56;
	objects = {

/* Begin PBXBuildFile section */
		AAAA000000000000AAAA0001 /* PhotoOrganizerApp.swift in Sources */ = {isa = PBXBuildFile; fileRef = AAAA000000000000AAAA0005 /* PhotoOrganizerApp.swift */; };
		AAAA000000000000AAAA0002 /* ContentView.swift in Sources */ = {isa = PBXBuildFile; fileRef = AAAA000000000000AAAA0006 /* ContentView.swift */; };
		AAAA000000000000AAAA0003 /* Assets.xcassets in Resources */ = {isa = PBXBuildFile; fileRef = AAAA000000000000AAAA0007 /* Assets.xcassets */; };
		AAAA000000000000CCCC0001 /* Photo.swift in Sources */ = {isa = PBXBuildFile; fileRef = AAAA000000000000BBBB0004 /* Photo.swift */; };
		AAAA000000000000CCCC0002 /* AppState.swift in Sources */ = {isa = PBXBuildFile; fileRef = AAAA000000000000BBBB0005 /* AppState.swift */; };
		AAAA000000000000CCCC0003 /* FolderScanner.swift in Sources */ = {isa = PBXBuildFile; fileRef = AAAA000000000000BBBB0006 /* FolderScanner.swift */; };
		AAAA000000000000CCCC0004 /* ThumbnailService.swift in Sources */ = {isa = PBXBuildFile; fileRef = AAAA000000000000BBBB0007 /* ThumbnailService.swift */; };
		AAAA000000000000CCCC0005 /* WelcomeView.swift in Sources */ = {isa = PBXBuildFile; fileRef = AAAA000000000000BBBB0008 /* WelcomeView.swift */; };
		AAAA000000000000CCCC0006 /* LibraryView.swift in Sources */ = {isa = PBXBuildFile; fileRef = AAAA000000000000BBBB0009 /* LibraryView.swift */; };
		AAAA000000000000CCCC0007 /* FlatGridView.swift in Sources */ = {isa = PBXBuildFile; fileRef = AAAA000000000000BBBB000A /* FlatGridView.swift */; };
		AAAA000000000000CCCC0008 /* ThumbnailCell.swift in Sources */ = {isa = PBXBuildFile; fileRef = AAAA000000000000BBBB000B /* ThumbnailCell.swift */; };
		AAAA000000000000CCCC0009 /* SelectionRound.swift in Sources */ = {isa = PBXBuildFile; fileRef = AAAA000000000000BBBB000C /* SelectionRound.swift */; };
		AAAA000000000000CCCC000A /* CopyService.swift in Sources */ = {isa = PBXBuildFile; fileRef = AAAA000000000000BBBB000D /* CopyService.swift */; };
		AAAA000000000000CCCC000B /* ExportView.swift in Sources */ = {isa = PBXBuildFile; fileRef = AAAA000000000000BBBB000E /* ExportView.swift */; };
		AAAA000000000000CCCC000C /* FilmstripView.swift in Sources */ = {isa = PBXBuildFile; fileRef = AAAA000000000000BBBB000F /* FilmstripView.swift */; };
		AAAA000000000000CCCC000D /* CarouselCell.swift in Sources */ = {isa = PBXBuildFile; fileRef = AAAA000000000000BBBB0010 /* CarouselCell.swift */; };
		AAAA000000000000CCCC000E /* PhotoGroup.swift in Sources */ = {isa = PBXBuildFile; fileRef = AAAA000000000000BBBB0011 /* PhotoGroup.swift */; };
		AAAA000000000000CCCC000F /* EXIFService.swift in Sources */ = {isa = PBXBuildFile; fileRef = AAAA000000000000BBBB0012 /* EXIFService.swift */; };
		AAAA000000000000CCCC0010 /* GroupingService.swift in Sources */ = {isa = PBXBuildFile; fileRef = AAAA000000000000BBBB0013 /* GroupingService.swift */; };
		AAAA000000000000CCCC0011 /* GroupedGridView.swift in Sources */ = {isa = PBXBuildFile; fileRef = AAAA000000000000BBBB0014 /* GroupedGridView.swift */; };
		AAAA000000000000CCCC0012 /* HistogramService.swift in Sources */ = {isa = PBXBuildFile; fileRef = AAAA000000000000BBBB0015 /* HistogramService.swift */; };
		AAAA000000000000CCCC0013 /* VisionService.swift in Sources */ = {isa = PBXBuildFile; fileRef = AAAA000000000000BBBB0016 /* VisionService.swift */; };
		AAAA000000000000CCCC0014 /* SessionStore.swift in Sources */ = {isa = PBXBuildFile; fileRef = AAAA000000000000BBBB0017 /* SessionStore.swift */; };
		AAAA000000000000CCCC0015 /* HistogramViews.swift in Sources */ = {isa = PBXBuildFile; fileRef = AAAA000000000000BBBB0018 /* HistogramViews.swift */; };
		AAAA000000000000CCCC0016 /* MetadataSidePanel.swift in Sources */ = {isa = PBXBuildFile; fileRef = AAAA000000000000BBBB0019 /* MetadataSidePanel.swift */; };
		AAAA000000000000CCCC0017 /* HistogramSidePanel.swift in Sources */ = {isa = PBXBuildFile; fileRef = AAAA000000000000BBBB001A /* HistogramSidePanel.swift */; };
		CCCC0018 /* LoupePanelView.swift in Sources */ = {isa = PBXBuildFile; fileRef = BBBB001B /* LoupePanelView.swift */; };
		CCCC0019 /* PixelSimilarityService.swift in Sources */ = {isa = PBXBuildFile; fileRef = BBBB001C /* PixelSimilarityService.swift */; };
/* End PBXBuildFile section */

/* Begin PBXFileReference section */
		AAAA000000000000AAAA0004 /* PhotoOrganizer.app */ = {isa = PBXFileReference; explicitFileType = wrapper.application; includeInIndex = 0; path = PhotoOrganizer.app; sourceTree = BUILT_PRODUCTS_DIR; };
		AAAA000000000000AAAA0005 /* PhotoOrganizerApp.swift */ = {isa = PBXFileReference; lastKnownFileType = sourcecode.swift; path = PhotoOrganizerApp.swift; sourceTree = "<group>"; };
		AAAA000000000000AAAA0006 /* ContentView.swift */ = {isa = PBXFileReference; lastKnownFileType = sourcecode.swift; path = ContentView.swift; sourceTree = "<group>"; };
		AAAA000000000000AAAA0007 /* Assets.xcassets */ = {isa = PBXFileReference; lastKnownFileType = folder.assetcatalog; path = Assets.xcassets; sourceTree = "<group>"; };
		AAAA000000000000BBBB0004 /* Photo.swift */ = {isa = PBXFileReference; lastKnownFileType = sourcecode.swift; path = Photo.swift; sourceTree = "<group>"; };
		AAAA000000000000BBBB0005 /* AppState.swift */ = {isa = PBXFileReference; lastKnownFileType = sourcecode.swift; path = AppState.swift; sourceTree = "<group>"; };
		AAAA000000000000BBBB0006 /* FolderScanner.swift */ = {isa = PBXFileReference; lastKnownFileType = sourcecode.swift; path = FolderScanner.swift; sourceTree = "<group>"; };
		AAAA000000000000BBBB0007 /* ThumbnailService.swift */ = {isa = PBXFileReference; lastKnownFileType = sourcecode.swift; path = ThumbnailService.swift; sourceTree = "<group>"; };
		AAAA000000000000BBBB0008 /* WelcomeView.swift */ = {isa = PBXFileReference; lastKnownFileType = sourcecode.swift; path = WelcomeView.swift; sourceTree = "<group>"; };
		AAAA000000000000BBBB0009 /* LibraryView.swift */ = {isa = PBXFileReference; lastKnownFileType = sourcecode.swift; path = LibraryView.swift; sourceTree = "<group>"; };
		AAAA000000000000BBBB000A /* FlatGridView.swift */ = {isa = PBXFileReference; lastKnownFileType = sourcecode.swift; path = FlatGridView.swift; sourceTree = "<group>"; };
		AAAA000000000000BBBB000B /* ThumbnailCell.swift */ = {isa = PBXFileReference; lastKnownFileType = sourcecode.swift; path = ThumbnailCell.swift; sourceTree = "<group>"; };
		AAAA000000000000BBBB000C /* SelectionRound.swift */ = {isa = PBXFileReference; lastKnownFileType = sourcecode.swift; path = SelectionRound.swift; sourceTree = "<group>"; };
		AAAA000000000000BBBB000D /* CopyService.swift */ = {isa = PBXFileReference; lastKnownFileType = sourcecode.swift; path = CopyService.swift; sourceTree = "<group>"; };
		AAAA000000000000BBBB000E /* ExportView.swift */ = {isa = PBXFileReference; lastKnownFileType = sourcecode.swift; path = ExportView.swift; sourceTree = "<group>"; };
		AAAA000000000000BBBB000F /* FilmstripView.swift */ = {isa = PBXFileReference; lastKnownFileType = sourcecode.swift; path = FilmstripView.swift; sourceTree = "<group>"; };
		AAAA000000000000BBBB0010 /* CarouselCell.swift */ = {isa = PBXFileReference; lastKnownFileType = sourcecode.swift; path = CarouselCell.swift; sourceTree = "<group>"; };
		AAAA000000000000BBBB0011 /* PhotoGroup.swift */ = {isa = PBXFileReference; lastKnownFileType = sourcecode.swift; path = PhotoGroup.swift; sourceTree = "<group>"; };
		AAAA000000000000BBBB0012 /* EXIFService.swift */ = {isa = PBXFileReference; lastKnownFileType = sourcecode.swift; path = EXIFService.swift; sourceTree = "<group>"; };
		AAAA000000000000BBBB0013 /* GroupingService.swift */ = {isa = PBXFileReference; lastKnownFileType = sourcecode.swift; path = GroupingService.swift; sourceTree = "<group>"; };
		AAAA000000000000BBBB0014 /* GroupedGridView.swift */ = {isa = PBXFileReference; lastKnownFileType = sourcecode.swift; path = GroupedGridView.swift; sourceTree = "<group>"; };
		AAAA000000000000BBBB0015 /* HistogramService.swift */ = {isa = PBXFileReference; lastKnownFileType = sourcecode.swift; path = HistogramService.swift; sourceTree = "<group>"; };
		AAAA000000000000BBBB0016 /* VisionService.swift */ = {isa = PBXFileReference; lastKnownFileType = sourcecode.swift; path = VisionService.swift; sourceTree = "<group>"; };
		AAAA000000000000BBBB0017 /* SessionStore.swift */ = {isa = PBXFileReference; lastKnownFileType = sourcecode.swift; path = SessionStore.swift; sourceTree = "<group>"; };
		AAAA000000000000BBBB0018 /* HistogramViews.swift */ = {isa = PBXFileReference; lastKnownFileType = sourcecode.swift; path = HistogramViews.swift; sourceTree = "<group>"; };
		AAAA000000000000BBBB0019 /* MetadataSidePanel.swift */ = {isa = PBXFileReference; lastKnownFileType = sourcecode.swift; path = MetadataSidePanel.swift; sourceTree = "<group>"; };
		AAAA000000000000BBBB001A /* HistogramSidePanel.swift */ = {isa = PBXFileReference; lastKnownFileType = sourcecode.swift; path = HistogramSidePanel.swift; sourceTree = "<group>"; };
		BBBB001B /* LoupePanelView.swift */ = {isa = PBXFileReference; lastKnownFileType = sourcecode.swift; path = LoupePanelView.swift; sourceTree = "<group>"; };
		BBBB001C /* PixelSimilarityService.swift */ = {isa = PBXFileReference; lastKnownFileType = sourcecode.swift; path = PixelSimilarityService.swift; sourceTree = "<group>"; };
/* End PBXFileReference section */

/* Begin PBXFrameworksBuildPhase section */
		AAAA000000000000AAAA0008 /* Frameworks */ = {
			isa = PBXFrameworksBuildPhase;
			buildActionMask = 2147483647;
			files = (
			);
			runOnlyForDeploymentPostprocessing = 0;
		};
/* End PBXFrameworksBuildPhase section */

/* Begin PBXGroup section */
		AAAA000000000000AAAA0009 = {
			isa = PBXGroup;
			children = (
				AAAA000000000000AAAA000B /* PhotoOrganizer */,
				AAAA000000000000AAAA000A /* Products */,
			);
			sourceTree = "<group>";
		};
		AAAA000000000000AAAA000A /* Products */ = {
			isa = PBXGroup;
			children = (
				AAAA000000000000AAAA0004 /* PhotoOrganizer.app */,
			);
			name = Products;
			sourceTree = "<group>";
		};
		AAAA000000000000AAAA000B /* PhotoOrganizer */ = {
			isa = PBXGroup;
			children = (
				AAAA000000000000AAAA0005 /* PhotoOrganizerApp.swift */,
				AAAA000000000000AAAA0006 /* ContentView.swift */,
				AAAA000000000000AAAA0007 /* Assets.xcassets */,
				AAAA000000000000BBBB0001 /* Models */,
				AAAA000000000000BBBB0002 /* Services */,
				AAAA000000000000BBBB0003 /* Views */,
			);
			path = PhotoOrganizer;
			sourceTree = "<group>";
		};
		AAAA000000000000BBBB0001 /* Models */ = {
			isa = PBXGroup;
			children = (
				AAAA000000000000BBBB0004 /* Photo.swift */,
				AAAA000000000000BBBB0005 /* AppState.swift */,
				AAAA000000000000BBBB000C /* SelectionRound.swift */,
				AAAA000000000000BBBB0011 /* PhotoGroup.swift */,
			);
			path = Models;
			sourceTree = "<group>";
		};
		AAAA000000000000BBBB0002 /* Services */ = {
			isa = PBXGroup;
			children = (
				AAAA000000000000BBBB0006 /* FolderScanner.swift */,
				AAAA000000000000BBBB0007 /* ThumbnailService.swift */,
				AAAA000000000000BBBB000D /* CopyService.swift */,
				AAAA000000000000BBBB0012 /* EXIFService.swift */,
				AAAA000000000000BBBB0013 /* GroupingService.swift */,
				AAAA000000000000BBBB0015 /* HistogramService.swift */,
				AAAA000000000000BBBB0016 /* VisionService.swift */,
				BBBB001C /* PixelSimilarityService.swift */,
				AAAA000000000000BBBB0017 /* SessionStore.swift */,
			);
			path = Services;
			sourceTree = "<group>";
		};
		AAAA000000000000BBBB0003 /* Views */ = {
			isa = PBXGroup;
			children = (
				AAAA000000000000BBBB0008 /* WelcomeView.swift */,
				AAAA000000000000BBBB0009 /* LibraryView.swift */,
				AAAA000000000000BBBB000A /* FlatGridView.swift */,
				AAAA000000000000BBBB000B /* ThumbnailCell.swift */,
				AAAA000000000000BBBB000E /* ExportView.swift */,
				AAAA000000000000BBBB000F /* FilmstripView.swift */,
				AAAA000000000000BBBB0010 /* CarouselCell.swift */,
				AAAA000000000000BBBB0014 /* GroupedGridView.swift */,
				AAAA000000000000BBBB0018 /* HistogramViews.swift */,
				AAAA000000000000BBBB0019 /* MetadataSidePanel.swift */,
				AAAA000000000000BBBB001A /* HistogramSidePanel.swift */,
				BBBB001B /* LoupePanelView.swift */,
			);
			path = Views;
			sourceTree = "<group>";
		};
/* End PBXGroup section */

/* Begin PBXNativeTarget section */
		AAAA000000000000AAAA000C /* PhotoOrganizer */ = {
			isa = PBXNativeTarget;
			buildConfigurationList = AAAA000000000000AAAA0015 /* Build configuration list for PBXNativeTarget "PhotoOrganizer" */;
			buildPhases = (
				AAAA000000000000AAAA000F /* Sources */,
				AAAA000000000000AAAA0008 /* Frameworks */,
				AAAA000000000000AAAA000E /* Resources */,
			);
			buildRules = (
			);
			dependencies = (
			);
			name = PhotoOrganizer;
			productName = PhotoOrganizer;
			productReference = AAAA000000000000AAAA0004 /* PhotoOrganizer.app */;
			productType = "com.apple.product-type.application";
		};
/* End PBXNativeTarget section */

/* Begin PBXProject section */
		AAAA000000000000AAAA000D /* Project object */ = {
			isa = PBXProject;
			attributes = {
				BuildIndependentTargetsInParallel = 1;
				LastSwiftUpdateCheck = 1500;
				LastUpgradeCheck = 1500;
				TargetAttributes = {
					AAAA000000000000AAAA000C = {
						CreatedOnToolsVersion = 15.0;
					};
				};
			};
			buildConfigurationList = AAAA000000000000AAAA0014 /* Build configuration list for PBXProject "PhotoOrganizer" */;
			compatibilityVersion = "Xcode 14.0";
			developmentRegion = en;
			hasScannedForEncodings = 0;
			knownRegions = (
				en,
				Base,
			);
			mainGroup = AAAA000000000000AAAA0009;
			productRefGroup = AAAA000000000000AAAA000A /* Products */;
			projectDirPath = "";
			projectRoot = "";
			targets = (
				AAAA000000000000AAAA000C /* PhotoOrganizer */,
			);
		};
/* End PBXProject section */

/* Begin PBXResourcesBuildPhase section */
		AAAA000000000000AAAA000E /* Resources */ = {
			isa = PBXResourcesBuildPhase;
			buildActionMask = 2147483647;
			files = (
				AAAA000000000000AAAA0003 /* Assets.xcassets in Resources */,
			);
			runOnlyForDeploymentPostprocessing = 0;
		};
/* End PBXResourcesBuildPhase section */

/* Begin PBXSourcesBuildPhase section */
		AAAA000000000000AAAA000F /* Sources */ = {
			isa = PBXSourcesBuildPhase;
			buildActionMask = 2147483647;
			files = (
				AAAA000000000000AAAA0002 /* ContentView.swift in Sources */,
				AAAA000000000000AAAA0001 /* PhotoOrganizerApp.swift in Sources */,
				AAAA000000000000CCCC0001 /* Photo.swift in Sources */,
				AAAA000000000000CCCC0002 /* AppState.swift in Sources */,
				AAAA000000000000CCCC0003 /* FolderScanner.swift in Sources */,
				AAAA000000000000CCCC0004 /* ThumbnailService.swift in Sources */,
				AAAA000000000000CCCC0005 /* WelcomeView.swift in Sources */,
				AAAA000000000000CCCC0006 /* LibraryView.swift in Sources */,
				AAAA000000000000CCCC0007 /* FlatGridView.swift in Sources */,
				AAAA000000000000CCCC0008 /* ThumbnailCell.swift in Sources */,
				AAAA000000000000CCCC0009 /* SelectionRound.swift in Sources */,
				AAAA000000000000CCCC000A /* CopyService.swift in Sources */,
				AAAA000000000000CCCC000B /* ExportView.swift in Sources */,
				AAAA000000000000CCCC000C /* FilmstripView.swift in Sources */,
				AAAA000000000000CCCC000D /* CarouselCell.swift in Sources */,
				AAAA000000000000CCCC000E /* PhotoGroup.swift in Sources */,
				AAAA000000000000CCCC000F /* EXIFService.swift in Sources */,
				AAAA000000000000CCCC0010 /* GroupingService.swift in Sources */,
				AAAA000000000000CCCC0011 /* GroupedGridView.swift in Sources */,
				AAAA000000000000CCCC0012 /* HistogramService.swift in Sources */,
				AAAA000000000000CCCC0013 /* VisionService.swift in Sources */,
				AAAA000000000000CCCC0014 /* SessionStore.swift in Sources */,
				AAAA000000000000CCCC0015 /* HistogramViews.swift in Sources */,
				AAAA000000000000CCCC0016 /* MetadataSidePanel.swift in Sources */,
				AAAA000000000000CCCC0017 /* HistogramSidePanel.swift in Sources */,
				CCCC0018 /* LoupePanelView.swift in Sources */,
				CCCC0019 /* PixelSimilarityService.swift in Sources */,
			);
			runOnlyForDeploymentPostprocessing = 0;
		};
/* End PBXSourcesBuildPhase section */

/* Begin XCBuildConfiguration section */
		AAAA000000000000AAAA0010 /* Debug */ = {
			isa = XCBuildConfiguration;
			buildSettings = {
				ALWAYS_SEARCH_USER_PATHS = NO;
				CLANG_ANALYZER_NONNULL = YES;
				CLANG_ANALYZER_NUMBER_OBJECT_CONVERSION = YES_AGGRESSIVE;
				CLANG_CXX_LANGUAGE_STANDARD = "gnu++20";
				CLANG_ENABLE_MODULES = YES;
				CLANG_ENABLE_OBJC_ARC = YES;
				CLANG_ENABLE_OBJC_WEAK = YES;
				CLANG_WARN_BLOCK_CAPTURE_AUTORELEASING = YES;
				CLANG_WARN_BOOL_CONVERSION = YES;
				CLANG_WARN_COMMA = YES;
				CLANG_WARN_CONSTANT_CONVERSION = YES;
				CLANG_WARN_DEPRECATED_OBJC_IMPLEMENTATIONS = YES;
				CLANG_WARN_DIRECT_OBJC_ISA_USAGE = YES_ERROR;
				CLANG_WARN_DOCUMENTATION_COMMENTS = YES;
				CLANG_WARN_EMPTY_BODY = YES;
				CLANG_WARN_ENUM_CONVERSION = YES;
				CLANG_WARN_INFINITE_LOOPS = YES;
				CLANG_WARN_INT_CONVERSION = YES;
				CLANG_WARN_NON_LITERAL_NULL_CONVERSION = YES;
				CLANG_WARN_OBJC_IMPLICIT_RETAIN_SELF = YES;
				CLANG_WARN_OBJC_LITERAL_CONVERSION = YES;
				CLANG_WARN_OBJC_ROOT_CLASS = YES_ERROR;
				CLANG_WARN_RANGE_LOOP_ANALYSIS = YES;
				CLANG_WARN_STRICT_PROTOTYPES = YES;
				CLANG_WARN_SUSPICIOUS_MOVE = YES;
				CLANG_WARN_UNGUARDED_AVAILABILITY = YES_AGGRESSIVE;
				CLANG_WARN_UNREACHABLE_CODE = YES;
				CLANG_WARN__DUPLICATE_METHOD_MATCH = YES;
				COPY_PHASE_STRIP = NO;
				DEBUG_INFORMATION_FORMAT = dwarf;
				ENABLE_STRICT_OBJC_MSGSEND = YES;
				ENABLE_TESTABILITY = YES;
				GCC_C_LANGUAGE_STANDARD = gnu17;
				GCC_DYNAMIC_NO_PIC = NO;
				GCC_NO_COMMON_BLOCKS = YES;
				GCC_OPTIMIZATION_LEVEL = 0;
				GCC_PREPROCESSOR_DEFINITIONS = (
					"DEBUG=1",
					"$(inherited)",
				);
				GCC_WARN_64_TO_32_BIT_CONVERSION = YES;
				GCC_WARN_ABOUT_RETURN_TYPE = YES_ERROR;
				GCC_WARN_UNDECLARED_SELECTOR = YES;
				GCC_WARN_UNINITIALIZED_AUTOS = YES_AGGRESSIVE;
				GCC_WARN_UNUSED_FUNCTION = YES;
				GCC_WARN_UNUSED_VARIABLE = YES;
				MACOSX_DEPLOYMENT_TARGET = 14.0;
				MTL_ENABLE_DEBUG_INFO = INCLUDE_SOURCE;
				MTL_FAST_MATH = YES;
				ONLY_ACTIVE_ARCH = YES;
				SDKROOT = macosx;
				SWIFT_ACTIVE_COMPILATION_CONDITIONS = "DEBUG $(inherited)";
				SWIFT_OPTIMIZATION_LEVEL = "-Onone";
			};
			name = Debug;
		};
		AAAA000000000000AAAA0011 /* Release */ = {
			isa = XCBuildConfiguration;
			buildSettings = {
				ALWAYS_SEARCH_USER_PATHS = NO;
				CLANG_ANALYZER_NONNULL = YES;
				CLANG_ANALYZER_NUMBER_OBJECT_CONVERSION = YES_AGGRESSIVE;
				CLANG_CXX_LANGUAGE_STANDARD = "gnu++20";
				CLANG_ENABLE_MODULES = YES;
				CLANG_ENABLE_OBJC_ARC = YES;
				CLANG_ENABLE_OBJC_WEAK = YES;
				CLANG_WARN_BLOCK_CAPTURE_AUTORELEASING = YES;
				CLANG_WARN_BOOL_CONVERSION = YES;
				CLANG_WARN_COMMA = YES;
				CLANG_WARN_CONSTANT_CONVERSION = YES;
				CLANG_WARN_DEPRECATED_OBJC_IMPLEMENTATIONS = YES;
				CLANG_WARN_DIRECT_OBJC_ISA_USAGE = YES_ERROR;
				CLANG_WARN_DOCUMENTATION_COMMENTS = YES;
				CLANG_WARN_EMPTY_BODY = YES;
				CLANG_WARN_ENUM_CONVERSION = YES;
				CLANG_WARN_INFINITE_LOOPS = YES;
				CLANG_WARN_INT_CONVERSION = YES;
				CLANG_WARN_NON_LITERAL_NULL_CONVERSION = YES;
				CLANG_WARN_OBJC_IMPLICIT_RETAIN_SELF = YES;
				CLANG_WARN_OBJC_LITERAL_CONVERSION = YES;
				CLANG_WARN_OBJC_ROOT_CLASS = YES_ERROR;
				CLANG_WARN_RANGE_LOOP_ANALYSIS = YES;
				CLANG_WARN_STRICT_PROTOTYPES = YES;
				CLANG_WARN_SUSPICIOUS_MOVE = YES;
				CLANG_WARN_UNGUARDED_AVAILABILITY = YES_AGGRESSIVE;
				CLANG_WARN_UNREACHABLE_CODE = YES;
				CLANG_WARN__DUPLICATE_METHOD_MATCH = YES;
				COPY_PHASE_STRIP = NO;
				DEBUG_INFORMATION_FORMAT = "dwarf-with-dsym";
				ENABLE_NS_ASSERTIONS = NO;
				ENABLE_STRICT_OBJC_MSGSEND = YES;
				GCC_C_LANGUAGE_STANDARD = gnu17;
				GCC_NO_COMMON_BLOCKS = YES;
				GCC_WARN_64_TO_32_BIT_CONVERSION = YES;
				GCC_WARN_ABOUT_RETURN_TYPE = YES_ERROR;
				GCC_WARN_UNDECLARED_SELECTOR = YES;
				GCC_WARN_UNINITIALIZED_AUTOS = YES_AGGRESSIVE;
				GCC_WARN_UNUSED_FUNCTION = YES;
				GCC_WARN_UNUSED_VARIABLE = YES;
				MACOSX_DEPLOYMENT_TARGET = 14.0;
				MTL_FAST_MATH = YES;
				SDKROOT = macosx;
				SWIFT_COMPILATION_MODE = wholemodule;
			};
			name = Release;
		};
		AAAA000000000000AAAA0012 /* Debug */ = {
			isa = XCBuildConfiguration;
			buildSettings = {
				ASSETCATALOG_COMPILER_APPICON_NAME = AppIcon;
				ASSETCATALOG_COMPILER_GLOBAL_ACCENT_COLOR_NAME = AccentColor;
				CODE_SIGN_STYLE = Automatic;
				COMBINE_HIDPI_IMAGES = YES;
				CURRENT_PROJECT_VERSION = 1;
				ENABLE_PREVIEWS = YES;
				GENERATE_INFOPLIST_FILE = YES;
				INFOPLIST_KEY_NSHumanReadableDescription = "Photo Organizer";
				LD_RUNPATH_SEARCH_PATHS = (
					"$(inherited)",
					"@executable_path/../Frameworks",
				);
				MACOSX_DEPLOYMENT_TARGET = 14.0;
				MARKETING_VERSION = 1.0;
				PRODUCT_BUNDLE_IDENTIFIER = "com.photoorganizer.app";
				PRODUCT_NAME = "$(TARGET_NAME)";
				SWIFT_EMIT_LOC_STRINGS = YES;
				SWIFT_VERSION = 5.0;
			};
			name = Debug;
		};
		AAAA000000000000AAAA0013 /* Release */ = {
			isa = XCBuildConfiguration;
			buildSettings = {
				ASSETCATALOG_COMPILER_APPICON_NAME = AppIcon;
				ASSETCATALOG_COMPILER_GLOBAL_ACCENT_COLOR_NAME = AccentColor;
				CODE_SIGN_STYLE = Automatic;
				COMBINE_HIDPI_IMAGES = YES;
				CURRENT_PROJECT_VERSION = 1;
				ENABLE_PREVIEWS = YES;
				GENERATE_INFOPLIST_FILE = YES;
				INFOPLIST_KEY_NSHumanReadableDescription = "Photo Organizer";
				LD_RUNPATH_SEARCH_PATHS = (
					"$(inherited)",
					"@executable_path/../Frameworks",
				);
				MACOSX_DEPLOYMENT_TARGET = 14.0;
				MARKETING_VERSION = 1.0;
				PRODUCT_BUNDLE_IDENTIFIER = "com.photoorganizer.app";
				PRODUCT_NAME = "$(TARGET_NAME)";
				SWIFT_EMIT_LOC_STRINGS = YES;
				SWIFT_VERSION = 5.0;
			};
			name = Release;
		};
/* End XCBuildConfiguration section */

/* Begin XCConfigurationList section */
		AAAA000000000000AAAA0014 /* Build configuration list for PBXProject "PhotoOrganizer" */ = {
			isa = XCConfigurationList;
			buildConfigurations = (
				AAAA000000000000AAAA0010 /* Debug */,
				AAAA000000000000AAAA0011 /* Release */,
			);
			defaultConfigurationIsVisible = 0;
			defaultConfigurationName = Release;
		};
		AAAA000000000000AAAA0015 /* Build configuration list for PBXNativeTarget "PhotoOrganizer" */ = {
			isa = XCConfigurationList;
			buildConfigurations = (
				AAAA000000000000AAAA0012 /* Debug */,
				AAAA000000000000AAAA0013 /* Release */,
			);
			defaultConfigurationIsVisible = 0;
			defaultConfigurationName = Release;
		};
/* End XCConfigurationList section */
	};
	rootObject = AAAA000000000000AAAA000D /* Project object */;
}
